
Microsoft Visual Studio Solution File, Format Version 12.00
# Visual Studio Version 16
VisualStudioVersion = 16.0.29418.71
MinimumVisualStudioVersion = 10.0.40219.1
Project("{9A19103F-16F7-4668-BE54-9A1E7A4F7556}") = "ElasticsearchQuery.Tests", "ElasticSearchQuery.Tests\ElasticsearchQuery.Tests.csproj", "{DF20074F-1732-4A5B-9F10-9C7E51A2E85D}"
EndProject
Project("{FAE04EC0-301F-11D3-BF4B-00C04F79EFBC}") = "ElasticLINQ", "ElasticLINQ\ElasticLINQ.csproj", "{875E1599-5B7F-4084-BBE0-0D70C3C80428}"
EndProject
Global
	GlobalSection(SolutionConfigurationPlatforms) = preSolution
		Debug|Any CPU = Debug|Any CPU
		Release|Any CPU = Release|Any CPU
	EndGlobalSection
	GlobalSection(ProjectConfigurationPlatforms) = postSolution
		{DF20074F-1732-4A5B-9F10-9C7E51A2E85D}.Debug|Any CPU.ActiveCfg = Debug|Any CPU
		{DF20074F-1732-4A5B-9F10-9C7E51A2E85D}.Debug|Any CPU.Build.0 = Debug|Any CPU
		{DF20074F-1732-4A5B-9F10-9C7E51A2E85D}.Release|Any CPU.ActiveCfg = Release|Any CPU
		{DF20074F-1732-4A5B-9F10-9C7E51A2E85D}.Release|Any CPU.Build.0 = Release|Any CPU
		{875E1599-5B7F-4084-BBE0-0D70C3C80428}.Debug|Any CPU.ActiveCfg = Debug|Any CPU
		{875E1599-5B7F-4084-BBE0-0D70C3C80428}.Debug|Any CPU.Build.0 = Debug|Any CPU
		{875E1599-5B7F-4084-BBE0-0D70C3C80428}.Release|Any CPU.ActiveCfg = Release|Any CPU
		{875E1599-5B7F-4084-BBE0-0D70C3C80428}.Release|Any CPU.Build.0 = Release|Any CPU
	EndGlobalSection
	GlobalSection(SolutionProperties) = preSolution
		HideSolutionNode = FALSE
	EndGlobalSection
	GlobalSection(ExtensibilityGlobals) = postSolution
		SolutionGuid = {D4572C46-CB46-495A-9CB8-0FDBA597ADF7}
	EndGlobalSection
EndGlobal
